// !$*UTF8*$!
{
	archiveVersion = 1;
	classes = {
	};
	objectVersion = 56;
	objects = {

/* Begin PBXBuildFile section */
		430D013F2C26466E003E6EAC /* MovieDBResponse.swift in Sources */ = {isa = PBXBuildFile; fileRef = 430D013E2C26466E003E6EAC /* MovieDBResponse.swift */; };
		430D01412C2649D0003E6EAC /* MovieDBUtilities.swift in Sources */ = {isa = PBXBuildFile; fileRef = 430D01402C2649D0003E6EAC /* MovieDBUtilities.swift */; };
		431523112C27A13D009E3AFE /* MovieDBViewModel.swift in Sources */ = {isa = PBXBuildFile; fileRef = 431523102C27A13D009E3AFE /* MovieDBViewModel.swift */; };
		433166A82C23536B0012171A /* MoviesDBApp.swift in Sources */ = {isa = PBXBuildFile; fileRef = 433166A72C23536B0012171A /* MoviesDBApp.swift */; };
		433166AC2C23536D0012171A /* Assets.xcassets in Resources */ = {isa = PBXBuildFile; fileRef = 433166AB2C23536D0012171A /* Assets.xcassets */; };
		433166AF2C23536D0012171A /* Preview Assets.xcassets in Resources */ = {isa = PBXBuildFile; fileRef = 433166AE2C23536D0012171A /* Preview Assets.xcassets */; };
		433166B62C2353BF0012171A /* MoviesDBContentView.swift in Sources */ = {isa = PBXBuildFile; fileRef = 433166B52C2353BF0012171A /* MoviesDBContentView.swift */; };
		43FC9E6B2C23AF35006D5FC7 /* MovieRatingView.swift in Sources */ = {isa = PBXBuildFile; fileRef = 43FC9E6A2C23AF35006D5FC7 /* MovieRatingView.swift */; };
		43FC9E6D2C23AFA4006D5FC7 /* EllipsisView.swift in Sources */ = {isa = PBXBuildFile; fileRef = 43FC9E6C2C23AFA4006D5FC7 /* EllipsisView.swift */; };
		43FC9E6F2C23B00E006D5FC7 /* MovieCardView.swift in Sources */ = {isa = PBXBuildFile; fileRef = 43FC9E6E2C23B00E006D5FC7 /* MovieCardView.swift */; };
/* End PBXBuildFile section */

/* Begin PBXFileReference section */
		430D013E2C26466E003E6EAC /* MovieDBResponse.swift */ = {isa = PBXFileReference; lastKnownFileType = sourcecode.swift; path = MovieDBResponse.swift; sourceTree = "<group>"; };
		430D01402C2649D0003E6EAC /* MovieDBUtilities.swift */ = {isa = PBXFileReference; lastKnownFileType = sourcecode.swift; path = MovieDBUtilities.swift; sourceTree = "<group>"; };
		431523102C27A13D009E3AFE /* MovieDBViewModel.swift */ = {isa = PBXFileReference; lastKnownFileType = sourcecode.swift; path = MovieDBViewModel.swift; sourceTree = "<group>"; };
		433166A42C23536B0012171A /* MoviesDB.app */ = {isa = PBXFileReference; explicitFileType = wrapper.application; includeInIndex = 0; path = MoviesDB.app; sourceTree = BUILT_PRODUCTS_DIR; };
		433166A72C23536B0012171A /* MoviesDBApp.swift */ = {isa = PBXFileReference; lastKnownFileType = sourcecode.swift; path = MoviesDBApp.swift; sourceTree = "<group>"; };
		433166AB2C23536D0012171A /* Assets.xcassets */ = {isa = PBXFileReference; lastKnownFileType = folder.assetcatalog; path = Assets.xcassets; sourceTree = "<group>"; };
		433166AE2C23536D0012171A /* Preview Assets.xcassets */ = {isa = PBXFileReference; lastKnownFileType = folder.assetcatalog; path = "Preview Assets.xcassets"; sourceTree = "<group>"; };
		433166B52C2353BF0012171A /* MoviesDBContentView.swift */ = {isa = PBXFileReference; lastKnownFileType = sourcecode.swift; path = MoviesDBContentView.swift; sourceTree = "<group>"; };
		43FC9E6A2C23AF35006D5FC7 /* MovieRatingView.swift */ = {isa = PBXFileReference; lastKnownFileType = sourcecode.swift; path = MovieRatingView.swift; sourceTree = "<group>"; };
		43FC9E6C2C23AFA4006D5FC7 /* EllipsisView.swift */ = {isa = PBXFileReference; lastKnownFileType = sourcecode.swift; path = EllipsisView.swift; sourceTree = "<group>"; };
		43FC9E6E2C23B00E006D5FC7 /* MovieCardView.swift */ = {isa = PBXFileReference; lastKnownFileType = sourcecode.swift; path = MovieCardView.swift; sourceTree = "<group>"; };
/* End PBXFileReference section */

/* Begin PBXFrameworksBuildPhase section */
		433166A12C23536B0012171A /* Frameworks */ = {
			isa = PBXFrameworksBuildPhase;
			buildActionMask = 2147483647;
			files = (
			);
			runOnlyForDeploymentPostprocessing = 0;
		};
/* End PBXFrameworksBuildPhase section */

/* Begin PBXGroup section */
		430D013D2C264285003E6EAC /* Models */ = {
			isa = PBXGroup;
			children = (
				430D013E2C26466E003E6EAC /* MovieDBResponse.swift */,
			);
			path = Models;
			sourceTree = "<group>";
		};
		4315230E2C279F6C009E3AFE /* ViewModels */ = {
			isa = PBXGroup;
			children = (
				431523102C27A13D009E3AFE /* MovieDBViewModel.swift */,
			);
			path = ViewModels;
			sourceTree = "<group>";
		};
		4315230F2C27A0E8009E3AFE /* Utilities */ = {
			isa = PBXGroup;
			children = (
				430D01402C2649D0003E6EAC /* MovieDBUtilities.swift */,
			);
			path = Utilities;
			sourceTree = "<group>";
		};
		4331669B2C23536B0012171A = {
			isa = PBXGroup;
			children = (
				433166A62C23536B0012171A /* MoviesDB */,
				433166A52C23536B0012171A /* Products */,
			);
			sourceTree = "<group>";
		};
		433166A52C23536B0012171A /* Products */ = {
			isa = PBXGroup;
			children = (
				433166A42C23536B0012171A /* MoviesDB.app */,
			);
			name = Products;
			sourceTree = "<group>";
		};
		433166A62C23536B0012171A /* MoviesDB */ = {
			isa = PBXGroup;
			children = (
				4315230F2C27A0E8009E3AFE /* Utilities */,
				4315230E2C279F6C009E3AFE /* ViewModels */,
				430D013D2C264285003E6EAC /* Models */,
				433166B92C2391C30012171A /* Views */,
				433166A72C23536B0012171A /* MoviesDBApp.swift */,
				433166B52C2353BF0012171A /* MoviesDBContentView.swift */,
				433166AB2C23536D0012171A /* Assets.xcassets */,
				433166AD2C23536D0012171A /* Preview Content */,
			);
			path = MoviesDB;
			sourceTree = "<group>";
		};
		433166AD2C23536D0012171A /* Preview Content */ = {
			isa = PBXGroup;
			children = (
				433166AE2C23536D0012171A /* Preview Assets.xcassets */,
			);
			path = "Preview Content";
			sourceTree = "<group>";
		};
		433166B92C2391C30012171A /* Views */ = {
			isa = PBXGroup;
			children = (
				43FC9E6A2C23AF35006D5FC7 /* MovieRatingView.swift */,
				43FC9E6C2C23AFA4006D5FC7 /* EllipsisView.swift */,
				43FC9E6E2C23B00E006D5FC7 /* MovieCardView.swift */,
			);
			path = Views;
			sourceTree = "<group>";
		};
/* End PBXGroup section */

/* Begin PBXNativeTarget section */
		433166A32C23536B0012171A /* MoviesDB */ = {
			isa = PBXNativeTarget;
			buildConfigurationList = 433166B22C23536D0012171A /* Build configuration list for PBXNativeTarget "MoviesDB" */;
			buildPhases = (
				433166A02C23536B0012171A /* Sources */,
				433166A12C23536B0012171A /* Frameworks */,
				433166A22C23536B0012171A /* Resources */,
			);
			buildRules = (
			);
			dependencies = (
			);
			name = MoviesDB;
			productName = MoviesDB;
			productReference = 433166A42C23536B0012171A /* MoviesDB.app */;
			productType = "com.apple.product-type.application";
		};
/* End PBXNativeTarget section */

/* Begin PBXProject section */
		4331669C2C23536B0012171A /* Project object */ = {
			isa = PBXProject;
			attributes = {
				BuildIndependentTargetsInParallel = 1;
				LastSwiftUpdateCheck = 1540;
				LastUpgradeCheck = 1540;
				TargetAttributes = {
					433166A32C23536B0012171A = {
						CreatedOnToolsVersion = 15.4;
					};
				};
			};
			buildConfigurationList = 4331669F2C23536B0012171A /* Build configuration list for PBXProject "MoviesDB" */;
			compatibilityVersion = "Xcode 14.0";
			developmentRegion = en;
			hasScannedForEncodings = 0;
			knownRegions = (
				en,
				Base,
			);
			mainGroup = 4331669B2C23536B0012171A;
			productRefGroup = 433166A52C23536B0012171A /* Products */;
			projectDirPath = "";
			projectRoot = "";
			targets = (
				433166A32C23536B0012171A /* MoviesDB */,
			);
		};
/* End PBXProject section */

/* Begin PBXResourcesBuildPhase section */
		433166A22C23536B0012171A /* Resources */ = {
			isa = PBXResourcesBuildPhase;
			buildActionMask = 2147483647;
			files = (
				433166AF2C23536D0012171A /* Preview Assets.xcassets in Resources */,
				433166AC2C23536D0012171A /* Assets.xcassets in Resources */,
			);
			runOnlyForDeploymentPostprocessing = 0;
		};
/* End PBXResourcesBuildPhase section */

/* Begin PBXSourcesBuildPhase section */
		433166A02C23536B0012171A /* Sources */ = {
			isa = PBXSourcesBuildPhase;
			buildActionMask = 2147483647;
			files = (
				433166A82C23536B0012171A /* MoviesDBApp.swift in Sources */,
				430D013F2C26466E003E6EAC /* MovieDBResponse.swift in Sources */,
				430D01412C2649D0003E6EAC /* MovieDBUtilities.swift in Sources */,
				431523112C27A13D009E3AFE /* MovieDBViewModel.swift in Sources */,
				43FC9E6F2C23B00E006D5FC7 /* MovieCardView.swift in Sources */,
				43FC9E6D2C23AFA4006D5FC7 /* EllipsisView.swift in Sources */,
				433166B62C2353BF0012171A /* MoviesDBContentView.swift in Sources */,
				43FC9E6B2C23AF35006D5FC7 /* MovieRatingView.swift in Sources */,
			);
			runOnlyForDeploymentPostprocessing = 0;
		};
/* End PBXSourcesBuildPhase section */

/* Begin XCBuildConfiguration section */
		433166B02C23536D0012171A /* Debug */ = {
			isa = XCBuildConfiguration;
			buildSettings = {
				ALWAYS_SEARCH_USER_PATHS = NO;
				ASSETCATALOG_COMPILER_GENERATE_SWIFT_ASSET_SYMBOL_EXTENSIONS = YES;
				CLANG_ANALYZER_NONNULL = YES;
				CLANG_ANALYZER_NUMBER_OBJECT_CONVERSION = YES_AGGRESSIVE;
				CLANG_CXX_LANGUAGE_STANDARD = "gnu++20";
				CLANG_ENABLE_MODULES = YES;
				CLANG_ENABLE_OBJC_ARC = YES;
				CLANG_ENABLE_OBJC_WEAK = YES;
				CLANG_WARN_BLOCK_CAPTURE_AUTORELEASING = YES;
				CLANG_WARN_BOOL_CONVERSION = YES;
				CLANG_WARN_COMMA = YES;
				CLANG_WARN_CONSTANT_CONVERSION = YES;
				CLANG_WARN_DEPRECATED_OBJC_IMPLEMENTATIONS = YES;
				CLANG_WARN_DIRECT_OBJC_ISA_USAGE = YES_ERROR;
				CLANG_WARN_DOCUMENTATION_COMMENTS = YES;
				CLANG_WARN_EMPTY_BODY = YES;
				CLANG_WARN_ENUM_CONVERSION = YES;
				CLANG_WARN_INFINITE_RECURSION = YES;
				CLANG_WARN_INT_CONVERSION = YES;
				CLANG_WARN_NON_LITERAL_NULL_CONVERSION = YES;
				CLANG_WARN_OBJC_IMPLICIT_RETAIN_SELF = YES;
				CLANG_WARN_OBJC_LITERAL_CONVERSION = YES;
				CLANG_WARN_OBJC_ROOT_CLASS = YES_ERROR;
				CLANG_WARN_QUOTED_INCLUDE_IN_FRAMEWORK_HEADER = YES;
				CLANG_WARN_RANGE_LOOP_ANALYSIS = YES;
				CLANG_WARN_STRICT_PROTOTYPES = YES;
				CLANG_WARN_SUSPICIOUS_MOVE = YES;
				CLANG_WARN_UNGUARDED_AVAILABILITY = YES_AGGRESSIVE;
				CLANG_WARN_UNREACHABLE_CODE = YES;
				CLANG_WARN__DUPLICATE_METHOD_MATCH = YES;
				COPY_PHASE_STRIP = NO;
				DEBUG_INFORMATION_FORMAT = dwarf;
				ENABLE_STRICT_OBJC_MSGSEND = YES;
				ENABLE_TESTABILITY = YES;
				ENABLE_USER_SCRIPT_SANDBOXING = YES;
				GCC_C_LANGUAGE_STANDARD = gnu17;
				GCC_DYNAMIC_NO_PIC = NO;
				GCC_NO_COMMON_BLOCKS = YES;
				GCC_OPTIMIZATION_LEVEL = 0;
				GCC_PREPROCESSOR_DEFINITIONS = (
					"DEBUG=1",
					"$(inherited)",
				);
				GCC_WARN_64_TO_32_BIT_CONVERSION = YES;
				GCC_WARN_ABOUT_RETURN_TYPE = YES_ERROR;
				GCC_WARN_UNDECLARED_SELECTOR = YES;
				GCC_WARN_UNINITIALIZED_AUTOS = YES_AGGRESSIVE;
				GCC_WARN_UNUSED_FUNCTION = YES;
				GCC_WARN_UNUSED_VARIABLE = YES;
				IPHONEOS_DEPLOYMENT_TARGET = 17.5;
				LOCALIZATION_PREFERS_STRING_CATALOGS = YES;
				MTL_ENABLE_DEBUG_INFO = INCLUDE_SOURCE;
				MTL_FAST_MATH = YES;
				ONLY_ACTIVE_ARCH = YES;
				SDKROOT = iphoneos;
				SWIFT_ACTIVE_COMPILATION_CONDITIONS = "DEBUG $(inherited)";
				SWIFT_OPTIMIZATION_LEVEL = "-Onone";
			};
			name = Debug;
		};
		433166B12C23536D0012171A /* Release */ = {
			isa = XCBuildConfiguration;
			buildSettings = {
				ALWAYS_SEARCH_USER_PATHS = NO;
				ASSETCATALOG_COMPILER_GENERATE_SWIFT_ASSET_SYMBOL_EXTENSIONS = YES;
				CLANG_ANALYZER_NONNULL = YES;
				CLANG_ANALYZER_NUMBER_OBJECT_CONVERSION = YES_AGGRESSIVE;
				CLANG_CXX_LANGUAGE_STANDARD = "gnu++20";
				CLANG_ENABLE_MODULES = YES;
				CLANG_ENABLE_OBJC_ARC = YES;
				CLANG_ENABLE_OBJC_WEAK = YES;
				CLANG_WARN_BLOCK_CAPTURE_AUTORELEASING = YES;
				CLANG_WARN_BOOL_CONVERSION = YES;
				CLANG_WARN_COMMA = YES;
				CLANG_WARN_CONSTANT_CONVERSION = YES;
				CLANG_WARN_DEPRECATED_OBJC_IMPLEMENTATIONS = YES;
				CLANG_WARN_DIRECT_OBJC_ISA_USAGE = YES_ERROR;
				CLANG_WARN_DOCUMENTATION_COMMENTS = YES;
				CLANG_WARN_EMPTY_BODY = YES;
				CLANG_WARN_ENUM_CONVERSION = YES;
				CLANG_WARN_INFINITE_RECURSION = YES;
				CLANG_WARN_INT_CONVERSION = YES;
				CLANG_WARN_NON_LITERAL_NULL_CONVERSION = YES;
				CLANG_WARN_OBJC_IMPLICIT_RETAIN_SELF = YES;
				CLANG_WARN_OBJC_LITERAL_CONVERSION = YES;
				CLANG_WARN_OBJC_ROOT_CLASS = YES_ERROR;
				CLANG_WARN_QUOTED_INCLUDE_IN_FRAMEWORK_HEADER = YES;
				CLANG_WARN_RANGE_LOOP_ANALYSIS = YES;
				CLANG_WARN_STRICT_PROTOTYPES = YES;
				CLANG_WARN_SUSPICIOUS_MOVE = YES;
				CLANG_WARN_UNGUARDED_AVAILABILITY = YES_AGGRESSIVE;
				CLANG_WARN_UNREACHABLE_CODE = YES;
				CLANG_WARN__DUPLICATE_METHOD_MATCH = YES;
				COPY_PHASE_STRIP = NO;
				DEBUG_INFORMATION_FORMAT = "dwarf-with-dsym";
				ENABLE_NS_ASSERTIONS = NO;
				ENABLE_STRICT_OBJC_MSGSEND = YES;
				ENABLE_USER_SCRIPT_SANDBOXING = YES;
				GCC_C_LANGUAGE_STANDARD = gnu17;
				GCC_NO_COMMON_BLOCKS = YES;
				GCC_WARN_64_TO_32_BIT_CONVERSION = YES;
				GCC_WARN_ABOUT_RETURN_TYPE = YES_ERROR;
				GCC_WARN_UNDECLARED_SELECTOR = YES;
				GCC_WARN_UNINITIALIZED_AUTOS = YES_AGGRESSIVE;
				GCC_WARN_UNUSED_FUNCTION = YES;
				GCC_WARN_UNUSED_VARIABLE = YES;
				IPHONEOS_DEPLOYMENT_TARGET = 17.5;
				LOCALIZATION_PREFERS_STRING_CATALOGS = YES;
				MTL_ENABLE_DEBUG_INFO = NO;
				MTL_FAST_MATH = YES;
				SDKROOT = iphoneos;
				SWIFT_COMPILATION_MODE = wholemodule;
				VALIDATE_PRODUCT = YES;
			};
			name = Release;
		};
		433166B32C23536D0012171A /* Debug */ = {
			isa = XCBuildConfiguration;
			buildSettings = {
				ASSETCATALOG_COMPILER_APPICON_NAME = AppIcon;
				ASSETCATALOG_COMPILER_GLOBAL_ACCENT_COLOR_NAME = AccentColor;
				CODE_SIGN_STYLE = Automatic;
				CURRENT_PROJECT_VERSION = 1;
				DEVELOPMENT_ASSET_PATHS = "\"MoviesDB/Preview Content\"";
				DEVELOPMENT_TEAM = 27N4R88925;
				ENABLE_PREVIEWS = YES;
				GENERATE_INFOPLIST_FILE = YES;
				INFOPLIST_KEY_UIApplicationSceneManifest_Generation = YES;
				INFOPLIST_KEY_UIApplicationSupportsIndirectInputEvents = YES;
				INFOPLIST_KEY_UILaunchScreen_Generation = YES;
				INFOPLIST_KEY_UISupportedInterfaceOrientations_iPad = "UIInterfaceOrientationPortrait UIInterfaceOrientationPortraitUpsideDown UIInterfaceOrientationLandscapeLeft UIInterfaceOrientationLandscapeRight";
				INFOPLIST_KEY_UISupportedInterfaceOrientations_iPhone = "UIInterfaceOrientationPortrait UIInterfaceOrientationLandscapeLeft UIInterfaceOrientationLandscapeRight";
				LD_RUNPATH_SEARCH_PATHS = (
					"$(inherited)",
					"@executable_path/Frameworks",
				);
				MARKETING_VERSION = 1.0;
				PRODUCT_BUNDLE_IDENTIFIER = com.HayesTech.MoviesDB;
				PRODUCT_NAME = "$(TARGET_NAME)";
				SWIFT_EMIT_LOC_STRINGS = YES;
				SWIFT_VERSION = 5.0;
				TARGETED_DEVICE_FAMILY = "1,2";
			};
			name = Debug;
		};
		433166B42C23536D0012171A /* Release */ = {
			isa = XCBuildConfiguration;
			buildSettings = {
				ASSETCATALOG_COMPILER_APPICON_NAME = AppIcon;
				ASSETCATALOG_COMPILER_GLOBAL_ACCENT_COLOR_NAME = AccentColor;
				CODE_SIGN_STYLE = Automatic;
				CURRENT_PROJECT_VERSION = 1;
				DEVELOPMENT_ASSET_PATHS = "\"MoviesDB/Preview Content\"";
				DEVELOPMENT_TEAM = 27N4R88925;
				ENABLE_PREVIEWS = YES;
				GENERATE_INFOPLIST_FILE = YES;
				INFOPLIST_KEY_UIApplicationSceneManifest_Generation = YES;
				INFOPLIST_KEY_UIApplicationSupportsIndirectInputEvents = YES;
				INFOPLIST_KEY_UILaunchScreen_Generation = YES;
				INFOPLIST_KEY_UISupportedInterfaceOrientations_iPad = "UIInterfaceOrientationPortrait UIInterfaceOrientationPortraitUpsideDown UIInterfaceOrientationLandscapeLeft UIInterfaceOrientationLandscapeRight";
				INFOPLIST_KEY_UISupportedInterfaceOrientations_iPhone = "UIInterfaceOrientationPortrait UIInterfaceOrientationLandscapeLeft UIInterfaceOrientationLandscapeRight";
				LD_RUNPATH_SEARCH_PATHS = (
					"$(inherited)",
					"@executable_path/Frameworks",
				);
				MARKETING_VERSION = 1.0;
				PRODUCT_BUNDLE_IDENTIFIER = com.HayesTech.MoviesDB;
				PRODUCT_NAME = "$(TARGET_NAME)";
				SWIFT_EMIT_LOC_STRINGS = YES;
				SWIFT_VERSION = 5.0;
				TARGETED_DEVICE_FAMILY = "1,2";
			};
			name = Release;
		};
/* End XCBuildConfiguration section */

/* Begin XCConfigurationList section */
		4331669F2C23536B0012171A /* Build configuration list for PBXProject "MoviesDB" */ = {
			isa = XCConfigurationList;
			buildConfigurations = (
				433166B02C23536D0012171A /* Debug */,
				433166B12C23536D0012171A /* Release */,
			);
			defaultConfigurationIsVisible = 0;
			defaultConfigurationName = Release;
		};
		433166B22C23536D0012171A /* Build configuration list for PBXNativeTarget "MoviesDB" */ = {
			isa = XCConfigurationList;
			buildConfigurations = (
				433166B32C23536D0012171A /* Debug */,
				433166B42C23536D0012171A /* Release */,
			);
			defaultConfigurationIsVisible = 0;
			defaultConfigurationName = Release;
		};
/* End XCConfigurationList section */
	};
	rootObject = 4331669C2C23536B0012171A /* Project object */;
}
